
Microsoft Visual Studio Solution File, Format Version 12.00
# Visual Studio Version 16
VisualStudioVersion = 16.0.30330.147
MinimumVisualStudioVersion = 10.0.40219.1
Project("{FAE04EC0-301F-11D3-BF4B-00C04F79EFBC}") = "WebApp", "WebApp\WebApp.csproj", "{07BEBFFB-1052-4D30-83AB-9CB4C04EDE74}"
EndProject
Project("{FAE04EC0-301F-11D3-BF4B-00C04F79EFBC}") = "MathExpression", "MathExpression\MathExpression.csproj", "{4255A0E9-5753-4295-A7CC-BB7047CB15C9}"
EndProject
Project("{FAE04EC0-301F-11D3-BF4B-00C04F79EFBC}") = "ConsoleApp", "ConsoleApp\ConsoleApp.csproj", "{B85EF035-D3E6-400D-A88E-E5AB43C68B1B}"
EndProject
Project("{FAE04EC0-301F-11D3-BF4B-00C04F79EFBC}") = "WFAApp", "WFAApp\WFAApp.csproj", "{238A33FB-8DB2-4ABA-98F3-C51EF732DFEC}"
EndProject
Project("{FAE04EC0-301F-11D3-BF4B-00C04F79EFBC}") = "UnitTestMathExpression", "UnitTestMathExpression\UnitTestMathExpression.csproj", "{8668CC85-7B00-45D7-BB7C-43638A070458}"
EndProject
Global
	GlobalSection(SolutionConfigurationPlatforms) = preSolution
		Debug|Any CPU = Debug|Any CPU
		Release|Any CPU = Release|Any CPU
	EndGlobalSection
	GlobalSection(ProjectConfigurationPlatforms) = postSolution
		{07BEBFFB-1052-4D30-83AB-9CB4C04EDE74}.Debug|Any CPU.ActiveCfg = Debug|Any CPU
		{07BEBFFB-1052-4D30-83AB-9CB4C04EDE74}.Debug|Any CPU.Build.0 = Debug|Any CPU
		{07BEBFFB-1052-4D30-83AB-9CB4C04EDE74}.Release|Any CPU.ActiveCfg = Release|Any CPU
		{07BEBFFB-1052-4D30-83AB-9CB4C04EDE74}.Release|Any CPU.Build.0 = Release|Any CPU
		{4255A0E9-5753-4295-A7CC-BB7047CB15C9}.Debug|Any CPU.ActiveCfg = Debug|Any CPU
		{4255A0E9-5753-4295-A7CC-BB7047CB15C9}.Debug|Any CPU.Build.0 = Debug|Any CPU
		{4255A0E9-5753-4295-A7CC-BB7047CB15C9}.Release|Any CPU.ActiveCfg = Release|Any CPU
		{4255A0E9-5753-4295-A7CC-BB7047CB15C9}.Release|Any CPU.Build.0 = Release|Any CPU
		{B85EF035-D3E6-400D-A88E-E5AB43C68B1B}.Debug|Any CPU.ActiveCfg = Debug|Any CPU
		{B85EF035-D3E6-400D-A88E-E5AB43C68B1B}.Debug|Any CPU.Build.0 = Debug|Any CPU
		{B85EF035-D3E6-400D-A88E-E5AB43C68B1B}.Release|Any CPU.ActiveCfg = Release|Any CPU
		{B85EF035-D3E6-400D-A88E-E5AB43C68B1B}.Release|Any CPU.Build.0 = Release|Any CPU
		{238A33FB-8DB2-4ABA-98F3-C51EF732DFEC}.Debug|Any CPU.ActiveCfg = Debug|Any CPU
		{238A33FB-8DB2-4ABA-98F3-C51EF732DFEC}.Debug|Any CPU.Build.0 = Debug|Any CPU
		{238A33FB-8DB2-4ABA-98F3-C51EF732DFEC}.Release|Any CPU.ActiveCfg = Release|Any CPU
		{238A33FB-8DB2-4ABA-98F3-C51EF732DFEC}.Release|Any CPU.Build.0 = Release|Any CPU
		{8668CC85-7B00-45D7-BB7C-43638A070458}.Debug|Any CPU.ActiveCfg = Debug|Any CPU
		{8668CC85-7B00-45D7-BB7C-43638A070458}.Debug|Any CPU.Build.0 = Debug|Any CPU
		{8668CC85-7B00-45D7-BB7C-43638A070458}.Release|Any CPU.ActiveCfg = Release|Any CPU
		{8668CC85-7B00-45D7-BB7C-43638A070458}.Release|Any CPU.Build.0 = Release|Any CPU
	EndGlobalSection
	GlobalSection(SolutionProperties) = preSolution
		HideSolutionNode = FALSE
	EndGlobalSection
	GlobalSection(ExtensibilityGlobals) = postSolution
		SolutionGuid = {0BF4F922-A8A7-4E5C-B7F0-BB8011C8174C}
	EndGlobalSection
EndGlobal
